
Microsoft Visual Studio Solution File, Format Version 12.00
# Visual Studio Version 17
VisualStudioVersion = 17.5.33516.290
MinimumVisualStudioVersion = 10.0.40219.1
Project("{FAE04EC0-301F-11D3-BF4B-00C04F79EFBC}") = "ScooterRental", "ScooterRental\ScooterRental.csproj", "{ED06B5D5-BC44-423D-84DB-19E321CF0E87}"
EndProject
Project("{FAE04EC0-301F-11D3-BF4B-00C04F79EFBC}") = "ScooterRental.Test", "ScooterRental.Test\ScooterRental.Test.csproj", "{8D9E9E9C-19C1-4621-988A-E3EBAB62241E}"
EndProject
Global
	GlobalSection(SolutionConfigurationPlatforms) = preSolution
		Debug|Any CPU = Debug|Any CPU
		Release|Any CPU = Release|Any CPU
	EndGlobalSection
	GlobalSection(ProjectConfigurationPlatforms) = postSolution
		{ED06B5D5-BC44-423D-84DB-19E321CF0E87}.Debug|Any CPU.ActiveCfg = Debug|Any CPU
		{ED06B5D5-BC44-423D-84DB-19E321CF0E87}.Debug|Any CPU.Build.0 = Debug|Any CPU
		{ED06B5D5-BC44-423D-84DB-19E321CF0E87}.Release|Any CPU.ActiveCfg = Release|Any CPU
		{ED06B5D5-BC44-423D-84DB-19E321CF0E87}.Release|Any CPU.Build.0 = Release|Any CPU
		{8D9E9E9C-19C1-4621-988A-E3EBAB62241E}.Debug|Any CPU.ActiveCfg = Debug|Any CPU
		{8D9E9E9C-19C1-4621-988A-E3EBAB62241E}.Debug|Any CPU.Build.0 = Debug|Any CPU
		{8D9E9E9C-19C1-4621-988A-E3EBAB62241E}.Release|Any CPU.ActiveCfg = Release|Any CPU
		{8D9E9E9C-19C1-4621-988A-E3EBAB62241E}.Release|Any CPU.Build.0 = Release|Any CPU
	EndGlobalSection
	GlobalSection(SolutionProperties) = preSolution
		HideSolutionNode = FALSE
	EndGlobalSection
	GlobalSection(ExtensibilityGlobals) = postSolution
		SolutionGuid = {43E4D88F-7B1E-4457-852D-4BAA9F3AEDA2}
	EndGlobalSection
EndGlobal
